{
  "name": "go-template-main",
  "lockfileVersion": 3,
  "requires": true,
  "packages": {
    "": {
      "dependencies": {
        "react-is": "^19.2.6"
      }
    },
    "node_modules/react-is": {
      "version": "19.2.6",
      "resolved": "https://registry.npmjs.org/react-is/-/react-is-19.2.6.tgz",
      "integrity": "sha512-XjBR15BhXuylgWGuslhDKqlSayuqvqBX91BP8pauG8kd1zY8kotkNWbXksTCNRarse4kuGbe2kIY05ARtwNIvw==",
      "license": "MIT"
    }
  }
}
